
Microsoft Visual Studio Solution File, Format Version 12.00
# Visual Studio 15
VisualStudioVersion = 15.0.27703.2042
MinimumVisualStudioVersion = 10.0.40219.1
Project("{FAE04EC0-301F-11D3-BF4B-00C04F79EFBC}") = "WebSiteIdentity_v2", "WebSiteIdentity_v2\WebSiteIdentity_v2.csproj", "{67467BBB-6265-45D9-BC44-C4C36625752B}"
EndProject
Global
	GlobalSection(SolutionConfigurationPlatforms) = preSolution
		Debug|Any CPU = Debug|Any CPU
		Release|Any CPU = Release|Any CPU
	EndGlobalSection
	GlobalSection(ProjectConfigurationPlatforms) = postSolution
		{67467BBB-6265-45D9-BC44-C4C36625752B}.Debug|Any CPU.ActiveCfg = Debug|Any CPU
		{67467BBB-6265-45D9-BC44-C4C36625752B}.Debug|Any CPU.Build.0 = Debug|Any CPU
		{67467BBB-6265-45D9-BC44-C4C36625752B}.Release|Any CPU.ActiveCfg = Release|Any CPU
		{67467BBB-6265-45D9-BC44-C4C36625752B}.Release|Any CPU.Build.0 = Release|Any CPU
	EndGlobalSection
	GlobalSection(SolutionProperties) = preSolution
		HideSolutionNode = FALSE
	EndGlobalSection
	GlobalSection(ExtensibilityGlobals) = postSolution
		SolutionGuid = {BAC1B323-ADD3-4C38-858A-3880CE2EDF96}
	EndGlobalSection
EndGlobal
